
Microsoft Visual Studio Solution File, Format Version 12.00
# Visual Studio 14
VisualStudioVersion = 14.0.25420.1
MinimumVisualStudioVersion = 10.0.40219.1
Project("{FAE04EC0-301F-11D3-BF4B-00C04F79EFBC}") = "DayOfWeek", "DayOfWeek\DayOfWeek.csproj", "{70C1D403-7548-4A3D-85C0-A98C6236A722}"
EndProject
Project("{FAE04EC0-301F-11D3-BF4B-00C04F79EFBC}") = "RandomizeWords", "RandomizeWords\RandomizeWords.csproj", "{17F5A93A-D942-47A9-81DA-1228B91371FA}"
EndProject
Project("{FAE04EC0-301F-11D3-BF4B-00C04F79EFBC}") = "BigFactorial", "BigFactorial\BigFactorial.csproj", "{514AE809-571E-4DBD-AC7D-0B805D67073E}"
EndProject
Project("{FAE04EC0-301F-11D3-BF4B-00C04F79EFBC}") = "DistanceBnPoints", "DistanceBnPoints\DistanceBnPoints.csproj", "{27705AA1-B67A-431E-A36D-A44AC75F7504}"
EndProject
Global
	GlobalSection(SolutionConfigurationPlatforms) = preSolution
		Debug|Any CPU = Debug|Any CPU
		Release|Any CPU = Release|Any CPU
	EndGlobalSection
	GlobalSection(ProjectConfigurationPlatforms) = postSolution
		{70C1D403-7548-4A3D-85C0-A98C6236A722}.Debug|Any CPU.ActiveCfg = Debug|Any CPU
		{70C1D403-7548-4A3D-85C0-A98C6236A722}.Debug|Any CPU.Build.0 = Debug|Any CPU
		{70C1D403-7548-4A3D-85C0-A98C6236A722}.Release|Any CPU.ActiveCfg = Release|Any CPU
		{70C1D403-7548-4A3D-85C0-A98C6236A722}.Release|Any CPU.Build.0 = Release|Any CPU
		{17F5A93A-D942-47A9-81DA-1228B91371FA}.Debug|Any CPU.ActiveCfg = Debug|Any CPU
		{17F5A93A-D942-47A9-81DA-1228B91371FA}.Debug|Any CPU.Build.0 = Debug|Any CPU
		{17F5A93A-D942-47A9-81DA-1228B91371FA}.Release|Any CPU.ActiveCfg = Release|Any CPU
		{17F5A93A-D942-47A9-81DA-1228B91371FA}.Release|Any CPU.Build.0 = Release|Any CPU
		{514AE809-571E-4DBD-AC7D-0B805D67073E}.Debug|Any CPU.ActiveCfg = Debug|Any CPU
		{514AE809-571E-4DBD-AC7D-0B805D67073E}.Debug|Any CPU.Build.0 = Debug|Any CPU
		{514AE809-571E-4DBD-AC7D-0B805D67073E}.Release|Any CPU.ActiveCfg = Release|Any CPU
		{514AE809-571E-4DBD-AC7D-0B805D67073E}.Release|Any CPU.Build.0 = Release|Any CPU
		{27705AA1-B67A-431E-A36D-A44AC75F7504}.Debug|Any CPU.ActiveCfg = Debug|Any CPU
		{27705AA1-B67A-431E-A36D-A44AC75F7504}.Debug|Any CPU.Build.0 = Debug|Any CPU
		{27705AA1-B67A-431E-A36D-A44AC75F7504}.Release|Any CPU.ActiveCfg = Release|Any CPU
		{27705AA1-B67A-431E-A36D-A44AC75F7504}.Release|Any CPU.Build.0 = Release|Any CPU
	EndGlobalSection
	GlobalSection(SolutionProperties) = preSolution
		HideSolutionNode = FALSE
	EndGlobalSection
EndGlobal
